{
    "name": "writefight",
    "version": "0.1",
    "lockfileVersion": 1,
    "requires": true,
    "dependencies": {
        "maquette": {
            "version": "3.2.1",
            "resolved": "https://registry.npmjs.org/maquette/-/maquette-3.2.1.tgz",
            "integrity": "sha512-42vSCMLEJ/t8BRnXuAJk9u4LlYQ8gEFT6vrSMhCU4A6uVvJ5lfT6970vVTCqMxWi+FrqDCBt2p3uxH5jQiAraA=="
        },
        "requirejs": {
            "version": "2.3.5",
            "resolved": "https://registry.npmjs.org/requirejs/-/requirejs-2.3.5.tgz",
            "integrity": "sha512-svnO+aNcR/an9Dpi44C7KSAy5fFGLtmPbaaCeQaklUz8BQhS64tWWIIlvEA5jrWICzlO/X9KSzSeXFnZdBu8nw=="
        }
    }
}
